// !$*UTF8*$!
{
	archiveVersion = 1;
	classes = {
	};
	objectVersion = 46;
	objects = {

/* Begin PBXBuildFile section */
		2485E6D01F1CB8DA00301EBB /* main.m in Sources */ = {isa = PBXBuildFile; fileRef = 2485E6CF1F1CB8DA00301EBB /* main.m */; };
		2485E6DC1F1CB8DA00301EBB /* ProductBaseClasses.xcdatamodeld in Sources */ = {isa = PBXBuildFile; fileRef = 2485E6DA1F1CB8DA00301EBB /* ProductBaseClasses.xcdatamodeld */; };
		2485E6DE1F1CB8DA00301EBB /* Assets.xcassets in Resources */ = {isa = PBXBuildFile; fileRef = 2485E6DD1F1CB8DA00301EBB /* Assets.xcassets */; };
		2485E6E11F1CB8DA00301EBB /* LaunchScreen.storyboard in Resources */ = {isa = PBXBuildFile; fileRef = 2485E6DF1F1CB8DA00301EBB /* LaunchScreen.storyboard */; };
		2485E7421F1CC2AD00301EBB /* UIKit.framework in Frameworks */ = {isa = PBXBuildFile; fileRef = 2485E7411F1CC2AD00301EBB /* UIKit.framework */; };
		2485E7851F20570100301EBB /* AlipaySDK.bundle in Resources */ = {isa = PBXBuildFile; fileRef = 2485E7731F20570100301EBB /* AlipaySDK.bundle */; };
		2485E7861F20570100301EBB /* AlipaySDK.framework in Frameworks */ = {isa = PBXBuildFile; fileRef = 2485E7741F20570100301EBB /* AlipaySDK.framework */; };
		2485E7871F20570100301EBB /* AFNService.m in Sources */ = {isa = PBXBuildFile; fileRef = 2485E77A1F20570100301EBB /* AFNService.m */; };
		2485E7881F20570100301EBB /* HttpRequestSign.m in Sources */ = {isa = PBXBuildFile; fileRef = 2485E77C1F20570100301EBB /* HttpRequestSign.m */; };
		2485E7891F20570100301EBB /* SuccessModel.m in Sources */ = {isa = PBXBuildFile; fileRef = 2485E7801F20570100301EBB /* SuccessModel.m */; };
		2485E78A1F20570100301EBB /* jpush-ios-2.1.8.a in Frameworks */ = {isa = PBXBuildFile; fileRef = 2485E7821F20570100301EBB /* jpush-ios-2.1.8.a */; };
		2485E78B1F20570100301EBB /* sound.caf in Resources */ = {isa = PBXBuildFile; fileRef = 2485E7841F20570100301EBB /* sound.caf */; };
		2485E7921F20595F00301EBB /* AppDelegate.m in Sources */ = {isa = PBXBuildFile; fileRef = 2485E78D1F20595F00301EBB /* AppDelegate.m */; };
		2485E7941F20595F00301EBB /* ViewController.m in Sources */ = {isa = PBXBuildFile; fileRef = 2485E7911F20595F00301EBB /* ViewController.m */; };
		24DAE5A4E5AEC1284FC7D0B1 /* libPods-ProductBaseClasses.a in Frameworks */ = {isa = PBXBuildFile; fileRef = B1BE7D629680C48DEC064497 /* libPods-ProductBaseClasses.a */; };
/* End PBXBuildFile section */

/* Begin PBXFileReference section */
		2485E6CB1F1CB8DA00301EBB /* ProductBaseClasses.app */ = {isa = PBXFileReference; explicitFileType = wrapper.application; includeInIndex = 0; path = ProductBaseClasses.app; sourceTree = BUILT_PRODUCTS_DIR; };
		2485E6CF1F1CB8DA00301EBB /* main.m */ = {isa = PBXFileReference; lastKnownFileType = sourcecode.c.objc; path = main.m; sourceTree = "<group>"; };
		2485E6DB1F1CB8DA00301EBB /* ProductBaseClasses.xcdatamodel */ = {isa = PBXFileReference; lastKnownFileType = wrapper.xcdatamodel; path = ProductBaseClasses.xcdatamodel; sourceTree = "<group>"; };
		2485E6DD1F1CB8DA00301EBB /* Assets.xcassets */ = {isa = PBXFileReference; lastKnownFileType = folder.assetcatalog; path = Assets.xcassets; sourceTree = "<group>"; };
		2485E6E01F1CB8DA00301EBB /* Base */ = {isa = PBXFileReference; lastKnownFileType = file.storyboard; name = Base; path = Base.lproj/LaunchScreen.storyboard; sourceTree = "<group>"; };
		2485E6E21F1CB8DA00301EBB /* Info.plist */ = {isa = PBXFileReference; lastKnownFileType = text.plist.xml; path = Info.plist; sourceTree = "<group>"; };
		2485E7411F1CC2AD00301EBB /* UIKit.framework */ = {isa = PBXFileReference; lastKnownFileType = wrapper.framework; name = UIKit.framework; path = System/Library/Frameworks/UIKit.framework; sourceTree = SDKROOT; };
		2485E7731F20570100301EBB /* AlipaySDK.bundle */ = {isa = PBXFileReference; lastKnownFileType = "wrapper.plug-in"; path = AlipaySDK.bundle; sourceTree = "<group>"; };
		2485E7741F20570100301EBB /* AlipaySDK.framework */ = {isa = PBXFileReference; lastKnownFileType = wrapper.framework; path = AlipaySDK.framework; sourceTree = "<group>"; };
		2485E7791F20570100301EBB /* AFNService.h */ = {isa = PBXFileReference; fileEncoding = 4; lastKnownFileType = sourcecode.c.h; path = AFNService.h; sourceTree = "<group>"; };
		2485E77A1F20570100301EBB /* AFNService.m */ = {isa = PBXFileReference; fileEncoding = 4; lastKnownFileType = sourcecode.c.objc; path = AFNService.m; sourceTree = "<group>"; };
		2485E77B1F20570100301EBB /* HttpRequestSign.h */ = {isa = PBXFileReference; fileEncoding = 4; lastKnownFileType = sourcecode.c.h; path = HttpRequestSign.h; sourceTree = "<group>"; };
		2485E77C1F20570100301EBB /* HttpRequestSign.m */ = {isa = PBXFileReference; fileEncoding = 4; lastKnownFileType = sourcecode.c.objc; path = HttpRequestSign.m; sourceTree = "<group>"; };
		2485E77F1F20570100301EBB /* SuccessModel.h */ = {isa = PBXFileReference; fileEncoding = 4; lastKnownFileType = sourcecode.c.h; path = SuccessModel.h; sourceTree = "<group>"; };
		2485E7801F20570100301EBB /* SuccessModel.m */ = {isa = PBXFileReference; fileEncoding = 4; lastKnownFileType = sourcecode.c.objc; path = SuccessModel.m; sourceTree = "<group>"; };
		2485E7821F20570100301EBB /* jpush-ios-2.1.8.a */ = {isa = PBXFileReference; lastKnownFileType = archive.ar; path = "jpush-ios-2.1.8.a"; sourceTree = "<group>"; };
		2485E7831F20570100301EBB /* JPUSHService.h */ = {isa = PBXFileReference; fileEncoding = 4; lastKnownFileType = sourcecode.c.h; path = JPUSHService.h; sourceTree = "<group>"; };
		2485E7841F20570100301EBB /* sound.caf */ = {isa = PBXFileReference; lastKnownFileType = file; path = sound.caf; sourceTree = "<group>"; };
		2485E78C1F20595F00301EBB /* AppDelegate.h */ = {isa = PBXFileReference; fileEncoding = 4; lastKnownFileType = sourcecode.c.h; path = AppDelegate.h; sourceTree = "<group>"; };
		2485E78D1F20595F00301EBB /* AppDelegate.m */ = {isa = PBXFileReference; fileEncoding = 4; lastKnownFileType = sourcecode.c.objc; path = AppDelegate.m; sourceTree = "<group>"; };
		2485E7901F20595F00301EBB /* ViewController.h */ = {isa = PBXFileReference; fileEncoding = 4; lastKnownFileType = sourcecode.c.h; path = ViewController.h; sourceTree = "<group>"; };
		2485E7911F20595F00301EBB /* ViewController.m */ = {isa = PBXFileReference; fileEncoding = 4; lastKnownFileType = sourcecode.c.objc; path = ViewController.m; sourceTree = "<group>"; };
		42F18FA5CF8E1DF415EF0A19 /* Pods-ProductBaseClasses.release.xcconfig */ = {isa = PBXFileReference; includeInIndex = 1; lastKnownFileType = text.xcconfig; name = "Pods-ProductBaseClasses.release.xcconfig"; path = "Pods/Target Support Files/Pods-ProductBaseClasses/Pods-ProductBaseClasses.release.xcconfig"; sourceTree = "<group>"; };
		85FF2B1AA1608D041CE452DF /* Pods-ProductBaseClasses.debug.xcconfig */ = {isa = PBXFileReference; includeInIndex = 1; lastKnownFileType = text.xcconfig; name = "Pods-ProductBaseClasses.debug.xcconfig"; path = "Pods/Target Support Files/Pods-ProductBaseClasses/Pods-ProductBaseClasses.debug.xcconfig"; sourceTree = "<group>"; };
		B1BE7D629680C48DEC064497 /* libPods-ProductBaseClasses.a */ = {isa = PBXFileReference; explicitFileType = archive.ar; includeInIndex = 0; path = "libPods-ProductBaseClasses.a"; sourceTree = BUILT_PRODUCTS_DIR; };
/* End PBXFileReference section */

/* Begin PBXFrameworksBuildPhase section */
		2485E6C81F1CB8DA00301EBB /* Frameworks */ = {
			isa = PBXFrameworksBuildPhase;
			buildActionMask = 2147483647;
			files = (
				2485E7421F1CC2AD00301EBB /* UIKit.framework in Frameworks */,
				24DAE5A4E5AEC1284FC7D0B1 /* libPods-ProductBaseClasses.a in Frameworks */,
				2485E78A1F20570100301EBB /* jpush-ios-2.1.8.a in Frameworks */,
				2485E7861F20570100301EBB /* AlipaySDK.framework in Frameworks */,
			);
			runOnlyForDeploymentPostprocessing = 0;
		};
/* End PBXFrameworksBuildPhase section */

/* Begin PBXGroup section */
		2485E6C21F1CB8DA00301EBB = {
			isa = PBXGroup;
			children = (
				2485E6CD1F1CB8DA00301EBB /* ProductBaseClasses */,
				2485E6CC1F1CB8DA00301EBB /* Products */,
				2485E7401F1CC2AD00301EBB /* Frameworks */,
				77AC78121DE54B7FC5C2C664 /* Pods */,
			);
			sourceTree = "<group>";
		};
		2485E6CC1F1CB8DA00301EBB /* Products */ = {
			isa = PBXGroup;
			children = (
				2485E6CB1F1CB8DA00301EBB /* ProductBaseClasses.app */,
			);
			name = Products;
			sourceTree = "<group>";
		};
		2485E6CD1F1CB8DA00301EBB /* ProductBaseClasses */ = {
			isa = PBXGroup;
			children = (
				2485E78C1F20595F00301EBB /* AppDelegate.h */,
				2485E78D1F20595F00301EBB /* AppDelegate.m */,
				2485E7901F20595F00301EBB /* ViewController.h */,
				2485E7911F20595F00301EBB /* ViewController.m */,
				2485E76E1F20570100301EBB /* ProductBaseClasses */,
				2485E6E81F1CBC2800301EBB /* Classes */,
				2485E6DD1F1CB8DA00301EBB /* Assets.xcassets */,
				2485E6DF1F1CB8DA00301EBB /* LaunchScreen.storyboard */,
				2485E6E21F1CB8DA00301EBB /* Info.plist */,
				2485E6DA1F1CB8DA00301EBB /* ProductBaseClasses.xcdatamodeld */,
				2485E6CE1F1CB8DA00301EBB /* Supporting Files */,
			);
			path = ProductBaseClasses;
			sourceTree = "<group>";
		};
		2485E6CE1F1CB8DA00301EBB /* Supporting Files */ = {
			isa = PBXGroup;
			children = (
				2485E6CF1F1CB8DA00301EBB /* main.m */,
			);
			name = "Supporting Files";
			sourceTree = "<group>";
		};
		2485E6E81F1CBC2800301EBB /* Classes */ = {
			isa = PBXGroup;
			children = (
			);
			path = Classes;
			sourceTree = "<group>";
		};
		2485E7401F1CC2AD00301EBB /* Frameworks */ = {
			isa = PBXGroup;
			children = (
				2485E7411F1CC2AD00301EBB /* UIKit.framework */,
				B1BE7D629680C48DEC064497 /* libPods-ProductBaseClasses.a */,
			);
			name = Frameworks;
			sourceTree = "<group>";
		};
		2485E76E1F20570100301EBB /* ProductBaseClasses */ = {
			isa = PBXGroup;
			children = (
				2485E76F1F20570100301EBB /* AFNetworking */,
				2485E7721F20570100301EBB /* AlipaySdkLib */,
				2485E7771F20570100301EBB /* HttpService */,
				2485E7811F20570100301EBB /* JPUSH */,
			);
			path = ProductBaseClasses;
			sourceTree = "<group>";
		};
		2485E76F1F20570100301EBB /* AFNetworking */ = {
			isa = PBXGroup;
			children = (
				2485E7701F20570100301EBB /* AFNetworking */,
				2485E7711F20570100301EBB /* UIKit+AFNetworking */,
			);
			path = AFNetworking;
			sourceTree = "<group>";
		};
		2485E7701F20570100301EBB /* AFNetworking */ = {
			isa = PBXGroup;
			children = (
			);
			path = AFNetworking;
			sourceTree = "<group>";
		};
		2485E7711F20570100301EBB /* UIKit+AFNetworking */ = {
			isa = PBXGroup;
			children = (
			);
			path = "UIKit+AFNetworking";
			sourceTree = "<group>";
		};
		2485E7721F20570100301EBB /* AlipaySdkLib */ = {
			isa = PBXGroup;
			children = (
				2485E7731F20570100301EBB /* AlipaySDK.bundle */,
				2485E7741F20570100301EBB /* AlipaySDK.framework */,
				2485E7751F20570100301EBB /* openssl */,
				2485E7761F20570100301EBB /* Util */,
			);
			path = AlipaySdkLib;
			sourceTree = "<group>";
		};
		2485E7751F20570100301EBB /* openssl */ = {
			isa = PBXGroup;
			children = (
			);
			path = openssl;
			sourceTree = "<group>";
		};
		2485E7761F20570100301EBB /* Util */ = {
			isa = PBXGroup;
			children = (
			);
			path = Util;
			sourceTree = "<group>";
		};
		2485E7771F20570100301EBB /* HttpService */ = {
			isa = PBXGroup;
			children = (
				2485E7781F20570100301EBB /* AFNService */,
				2485E77B1F20570100301EBB /* HttpRequestSign.h */,
				2485E77C1F20570100301EBB /* HttpRequestSign.m */,
				2485E77D1F20570100301EBB /* MKNService */,
				2485E77E1F20570100301EBB /* Model */,
			);
			path = HttpService;
			sourceTree = "<group>";
		};
		2485E7781F20570100301EBB /* AFNService */ = {
			isa = PBXGroup;
			children = (
				2485E7791F20570100301EBB /* AFNService.h */,
				2485E77A1F20570100301EBB /* AFNService.m */,
			);
			path = AFNService;
			sourceTree = "<group>";
		};
		2485E77D1F20570100301EBB /* MKNService */ = {
			isa = PBXGroup;
			children = (
			);
			path = MKNService;
			sourceTree = "<group>";
		};
		2485E77E1F20570100301EBB /* Model */ = {
			isa = PBXGroup;
			children = (
				2485E77F1F20570100301EBB /* SuccessModel.h */,
				2485E7801F20570100301EBB /* SuccessModel.m */,
			);
			path = Model;
			sourceTree = "<group>";
		};
		2485E7811F20570100301EBB /* JPUSH */ = {
			isa = PBXGroup;
			children = (
				2485E7821F20570100301EBB /* jpush-ios-2.1.8.a */,
				2485E7831F20570100301EBB /* JPUSHService.h */,
				2485E7841F20570100301EBB /* sound.caf */,
			);
			path = JPUSH;
			sourceTree = "<group>";
		};
		77AC78121DE54B7FC5C2C664 /* Pods */ = {
			isa = PBXGroup;
			children = (
				85FF2B1AA1608D041CE452DF /* Pods-ProductBaseClasses.debug.xcconfig */,
				42F18FA5CF8E1DF415EF0A19 /* Pods-ProductBaseClasses.release.xcconfig */,
			);
			name = Pods;
			sourceTree = "<group>";
		};
/* End PBXGroup section */

/* Begin PBXNativeTarget section */
		2485E6CA1F1CB8DA00301EBB /* ProductBaseClasses */ = {
			isa = PBXNativeTarget;
			buildConfigurationList = 2485E6E51F1CB8DA00301EBB /* Build configuration list for PBXNativeTarget "ProductBaseClasses" */;
			buildPhases = (
				DC6E393CE141BF8F34A47A80 /* [CP] Check Pods Manifest.lock */,
				2485E6C71F1CB8DA00301EBB /* Sources */,
				2485E6C81F1CB8DA00301EBB /* Frameworks */,
				2485E6C91F1CB8DA00301EBB /* Resources */,
				6D631AAAD360DB15B19B961B /* [CP] Embed Pods Frameworks */,
				6BD6FD15A108E1466C975934 /* [CP] Copy Pods Resources */,
			);
			buildRules = (
			);
			dependencies = (
			);
			name = ProductBaseClasses;
			productName = ProductBaseClasses;
			productReference = 2485E6CB1F1CB8DA00301EBB /* ProductBaseClasses.app */;
			productType = "com.apple.product-type.application";
		};
/* End PBXNativeTarget section */

/* Begin PBXProject section */
		2485E6C31F1CB8DA00301EBB /* Project object */ = {
			isa = PBXProject;
			attributes = {
				LastUpgradeCheck = 0830;
				ORGANIZATIONNAME = "划落永恒";
				TargetAttributes = {
					2485E6CA1F1CB8DA00301EBB = {
						CreatedOnToolsVersion = 8.3.3;
						ProvisioningStyle = Automatic;
					};
				};
			};
			buildConfigurationList = 2485E6C61F1CB8DA00301EBB /* Build configuration list for PBXProject "ProductBaseClasses" */;
			compatibilityVersion = "Xcode 3.2";
			developmentRegion = English;
			hasScannedForEncodings = 0;
			knownRegions = (
				en,
				Base,
			);
			mainGroup = 2485E6C21F1CB8DA00301EBB;
			productRefGroup = 2485E6CC1F1CB8DA00301EBB /* Products */;
			projectDirPath = "";
			projectRoot = "";
			targets = (
				2485E6CA1F1CB8DA00301EBB /* ProductBaseClasses */,
			);
		};
/* End PBXProject section */

/* Begin PBXResourcesBuildPhase section */
		2485E6C91F1CB8DA00301EBB /* Resources */ = {
			isa = PBXResourcesBuildPhase;
			buildActionMask = 2147483647;
			files = (
				2485E7851F20570100301EBB /* AlipaySDK.bundle in Resources */,
				2485E6E11F1CB8DA00301EBB /* LaunchScreen.storyboard in Resources */,
				2485E78B1F20570100301EBB /* sound.caf in Resources */,
				2485E6DE1F1CB8DA00301EBB /* Assets.xcassets in Resources */,
			);
			runOnlyForDeploymentPostprocessing = 0;
		};
/* End PBXResourcesBuildPhase section */

/* Begin PBXShellScriptBuildPhase section */
		6BD6FD15A108E1466C975934 /* [CP] Copy Pods Resources */ = {
			isa = PBXShellScriptBuildPhase;
			buildActionMask = 2147483647;
			files = (
			);
			inputPaths = (
			);
			name = "[CP] Copy Pods Resources";
			outputPaths = (
			);
			runOnlyForDeploymentPostprocessing = 0;
			shellPath = /bin/sh;
			shellScript = "\"${SRCROOT}/Pods/Target Support Files/Pods-ProductBaseClasses/Pods-ProductBaseClasses-resources.sh\"\n";
			showEnvVarsInLog = 0;
		};
		6D631AAAD360DB15B19B961B /* [CP] Embed Pods Frameworks */ = {
			isa = PBXShellScriptBuildPhase;
			buildActionMask = 2147483647;
			files = (
			);
			inputPaths = (
			);
			name = "[CP] Embed Pods Frameworks";
			outputPaths = (
			);
			runOnlyForDeploymentPostprocessing = 0;
			shellPath = /bin/sh;
			shellScript = "\"${SRCROOT}/Pods/Target Support Files/Pods-ProductBaseClasses/Pods-ProductBaseClasses-frameworks.sh\"\n";
			showEnvVarsInLog = 0;
		};
		DC6E393CE141BF8F34A47A80 /* [CP] Check Pods Manifest.lock */ = {
			isa = PBXShellScriptBuildPhase;
			buildActionMask = 2147483647;
			files = (
			);
			inputPaths = (
			);
			name = "[CP] Check Pods Manifest.lock";
			outputPaths = (
			);
			runOnlyForDeploymentPostprocessing = 0;
			shellPath = /bin/sh;
			shellScript = "diff \"${PODS_PODFILE_DIR_PATH}/Podfile.lock\" \"${PODS_ROOT}/Manifest.lock\" > /dev/null\nif [ $? != 0 ] ; then\n    # print error to STDERR\n    echo \"error: The sandbox is not in sync with the Podfile.lock. Run 'pod install' or update your CocoaPods installation.\" >&2\n    exit 1\nfi\n";
			showEnvVarsInLog = 0;
		};
/* End PBXShellScriptBuildPhase section */

/* Begin PBXSourcesBuildPhase section */
		2485E6C71F1CB8DA00301EBB /* Sources */ = {
			isa = PBXSourcesBuildPhase;
			buildActionMask = 2147483647;
			files = (
				2485E6DC1F1CB8DA00301EBB /* ProductBaseClasses.xcdatamodeld in Sources */,
				2485E7941F20595F00301EBB /* ViewController.m in Sources */,
				2485E7871F20570100301EBB /* AFNService.m in Sources */,
				2485E7921F20595F00301EBB /* AppDelegate.m in Sources */,
				2485E7891F20570100301EBB /* SuccessModel.m in Sources */,
				2485E7881F20570100301EBB /* HttpRequestSign.m in Sources */,
				2485E6D01F1CB8DA00301EBB /* main.m in Sources */,
			);
			runOnlyForDeploymentPostprocessing = 0;
		};
/* End PBXSourcesBuildPhase section */

/* Begin PBXVariantGroup section */
		2485E6DF1F1CB8DA00301EBB /* LaunchScreen.storyboard */ = {
			isa = PBXVariantGroup;
			children = (
				2485E6E01F1CB8DA00301EBB /* Base */,
			);
			name = LaunchScreen.storyboard;
			sourceTree = "<group>";
		};
/* End PBXVariantGroup section */

/* Begin XCBuildConfiguration section */
		2485E6E31F1CB8DA00301EBB /* Debug */ = {
			isa = XCBuildConfiguration;
			buildSettings = {
				ALWAYS_SEARCH_USER_PATHS = NO;
				CLANG_ANALYZER_NONNULL = YES;
				CLANG_ANALYZER_NUMBER_OBJECT_CONVERSION = YES_AGGRESSIVE;
				CLANG_CXX_LANGUAGE_STANDARD = "gnu++0x";
				CLANG_CXX_LIBRARY = "libc++";
				CLANG_ENABLE_MODULES = YES;
				CLANG_ENABLE_OBJC_ARC = YES;
				CLANG_WARN_BOOL_CONVERSION = YES;
				CLANG_WARN_CONSTANT_CONVERSION = YES;
				CLANG_WARN_DIRECT_OBJC_ISA_USAGE = YES_ERROR;
				CLANG_WARN_DOCUMENTATION_COMMENTS = YES;
				CLANG_WARN_EMPTY_BODY = YES;
				CLANG_WARN_ENUM_CONVERSION = YES;
				CLANG_WARN_INFINITE_RECURSION = YES;
				CLANG_WARN_INT_CONVERSION = YES;
				CLANG_WARN_OBJC_ROOT_CLASS = YES_ERROR;
				CLANG_WARN_SUSPICIOUS_MOVE = YES;
				CLANG_WARN_UNREACHABLE_CODE = YES;
				CLANG_WARN__DUPLICATE_METHOD_MATCH = YES;
				"CODE_SIGN_IDENTITY[sdk=iphoneos*]" = "iPhone Developer";
				COPY_PHASE_STRIP = NO;
				DEBUG_INFORMATION_FORMAT = dwarf;
				ENABLE_STRICT_OBJC_MSGSEND = YES;
				ENABLE_TESTABILITY = YES;
				GCC_C_LANGUAGE_STANDARD = gnu99;
				GCC_DYNAMIC_NO_PIC = NO;
				GCC_NO_COMMON_BLOCKS = YES;
				GCC_OPTIMIZATION_LEVEL = 0;
				GCC_PREPROCESSOR_DEFINITIONS = (
					"DEBUG=1",
					"$(inherited)",
				);
				GCC_WARN_64_TO_32_BIT_CONVERSION = YES;
				GCC_WARN_ABOUT_RETURN_TYPE = YES_ERROR;
				GCC_WARN_UNDECLARED_SELECTOR = YES;
				GCC_WARN_UNINITIALIZED_AUTOS = YES_AGGRESSIVE;
				GCC_WARN_UNUSED_FUNCTION = YES;
				GCC_WARN_UNUSED_VARIABLE = YES;
				IPHONEOS_DEPLOYMENT_TARGET = 8.0;
				MTL_ENABLE_DEBUG_INFO = YES;
				ONLY_ACTIVE_ARCH = YES;
				SDKROOT = iphoneos;
			};
			name = Debug;
		};
		2485E6E41F1CB8DA00301EBB /* Release */ = {
			isa = XCBuildConfiguration;
			buildSettings = {
				ALWAYS_SEARCH_USER_PATHS = NO;
				CLANG_ANALYZER_NONNULL = YES;
				CLANG_ANALYZER_NUMBER_OBJECT_CONVERSION = YES_AGGRESSIVE;
				CLANG_CXX_LANGUAGE_STANDARD = "gnu++0x";
				CLANG_CXX_LIBRARY = "libc++";
				CLANG_ENABLE_MODULES = YES;
				CLANG_ENABLE_OBJC_ARC = YES;
				CLANG_WARN_BOOL_CONVERSION = YES;
				CLANG_WARN_CONSTANT_CONVERSION = YES;
				CLANG_WARN_DIRECT_OBJC_ISA_USAGE = YES_ERROR;
				CLANG_WARN_DOCUMENTATION_COMMENTS = YES;
				CLANG_WARN_EMPTY_BODY = YES;
				CLANG_WARN_ENUM_CONVERSION = YES;
				CLANG_WARN_INFINITE_RECURSION = YES;
				CLANG_WARN_INT_CONVERSION = YES;
				CLANG_WARN_OBJC_ROOT_CLASS = YES_ERROR;
				CLANG_WARN_SUSPICIOUS_MOVE = YES;
				CLANG_WARN_UNREACHABLE_CODE = YES;
				CLANG_WARN__DUPLICATE_METHOD_MATCH = YES;
				"CODE_SIGN_IDENTITY[sdk=iphoneos*]" = "iPhone Developer";
				COPY_PHASE_STRIP = NO;
				DEBUG_INFORMATION_FORMAT = "dwarf-with-dsym";
				ENABLE_NS_ASSERTIONS = NO;
				ENABLE_STRICT_OBJC_MSGSEND = YES;
				GCC_C_LANGUAGE_STANDARD = gnu99;
				GCC_NO_COMMON_BLOCKS = YES;
				GCC_WARN_64_TO_32_BIT_CONVERSION = YES;
				GCC_WARN_ABOUT_RETURN_TYPE = YES_ERROR;
				GCC_WARN_UNDECLARED_SELECTOR = YES;
				GCC_WARN_UNINITIALIZED_AUTOS = YES_AGGRESSIVE;
				GCC_WARN_UNUSED_FUNCTION = YES;
				GCC_WARN_UNUSED_VARIABLE = YES;
				IPHONEOS_DEPLOYMENT_TARGET = 8.0;
				MTL_ENABLE_DEBUG_INFO = NO;
				SDKROOT = iphoneos;
				VALIDATE_PRODUCT = YES;
			};
			name = Release;
		};
		2485E6E61F1CB8DA00301EBB /* Debug */ = {
			isa = XCBuildConfiguration;
			baseConfigurationReference = 85FF2B1AA1608D041CE452DF /* Pods-ProductBaseClasses.debug.xcconfig */;
			buildSettings = {
				ASSETCATALOG_COMPILER_APPICON_NAME = AppIcon;
				FRAMEWORK_SEARCH_PATHS = (
					"$(inherited)",
					"$(PROJECT_DIR)/ProductBaseClasses/Classes/AlipaySdkLib",
					"$(PROJECT_DIR)/ProductBaseClasses/ProductBaseClasses/AlipaySdkLib",
				);
				INFOPLIST_FILE = ProductBaseClasses/Info.plist;
				IPHONEOS_DEPLOYMENT_TARGET = 8.0;
				LD_RUNPATH_SEARCH_PATHS = "$(inherited) @executable_path/Frameworks";
				LIBRARY_SEARCH_PATHS = (
					"$(inherited)",
					"$(PROJECT_DIR)/ProductBaseClasses/Classes/JPUSH",
					"$(PROJECT_DIR)/ProductBaseClasses/ProductBaseClasses/JPUSH",
				);
				PRODUCT_BUNDLE_IDENTIFIER = com.hualuoyongheng.ProductBaseClasses;
				PRODUCT_NAME = "$(TARGET_NAME)";
			};
			name = Debug;
		};
		2485E6E71F1CB8DA00301EBB /* Release */ = {
			isa = XCBuildConfiguration;
			baseConfigurationReference = 42F18FA5CF8E1DF415EF0A19 /* Pods-ProductBaseClasses.release.xcconfig */;
			buildSettings = {
				ASSETCATALOG_COMPILER_APPICON_NAME = AppIcon;
				FRAMEWORK_SEARCH_PATHS = (
					"$(inherited)",
					"$(PROJECT_DIR)/ProductBaseClasses/Classes/AlipaySdkLib",
					"$(PROJECT_DIR)/ProductBaseClasses/ProductBaseClasses/AlipaySdkLib",
				);
				INFOPLIST_FILE = ProductBaseClasses/Info.plist;
				IPHONEOS_DEPLOYMENT_TARGET = 8.0;
				LD_RUNPATH_SEARCH_PATHS = "$(inherited) @executable_path/Frameworks";
				LIBRARY_SEARCH_PATHS = (
					"$(inherited)",
					"$(PROJECT_DIR)/ProductBaseClasses/Classes/JPUSH",
					"$(PROJECT_DIR)/ProductBaseClasses/ProductBaseClasses/JPUSH",
				);
				PRODUCT_BUNDLE_IDENTIFIER = com.hualuoyongheng.ProductBaseClasses;
				PRODUCT_NAME = "$(TARGET_NAME)";
			};
			name = Release;
		};
/* End XCBuildConfiguration section */

/* Begin XCConfigurationList section */
		2485E6C61F1CB8DA00301EBB /* Build configuration list for PBXProject "ProductBaseClasses" */ = {
			isa = XCConfigurationList;
			buildConfigurations = (
				2485E6E31F1CB8DA00301EBB /* Debug */,
				2485E6E41F1CB8DA00301EBB /* Release */,
			);
			defaultConfigurationIsVisible = 0;
			defaultConfigurationName = Release;
		};
		2485E6E51F1CB8DA00301EBB /* Build configuration list for PBXNativeTarget "ProductBaseClasses" */ = {
			isa = XCConfigurationList;
			buildConfigurations = (
				2485E6E61F1CB8DA00301EBB /* Debug */,
				2485E6E71F1CB8DA00301EBB /* Release */,
			);
			defaultConfigurationIsVisible = 0;
			defaultConfigurationName = Release;
		};
/* End XCConfigurationList section */

/* Begin XCVersionGroup section */
		2485E6DA1F1CB8DA00301EBB /* ProductBaseClasses.xcdatamodeld */ = {
			isa = XCVersionGroup;
			children = (
				2485E6DB1F1CB8DA00301EBB /* ProductBaseClasses.xcdatamodel */,
			);
			currentVersion = 2485E6DB1F1CB8DA00301EBB /* ProductBaseClasses.xcdatamodel */;
			path = ProductBaseClasses.xcdatamodeld;
			sourceTree = "<group>";
			versionGroupType = wrapper.xcdatamodel;
		};
/* End XCVersionGroup section */
	};
	rootObject = 2485E6C31F1CB8DA00301EBB /* Project object */;
}
